
Microsoft Visual Studio Solution File, Format Version 12.00
# Visual Studio Version 17
VisualStudioVersion = 17.5.33424.131
MinimumVisualStudioVersion = 10.0.40219.1
Project("{2150E333-8FDC-42A3-9474-1A3956D46DE8}") = "方案項目", "方案項目", "{45D1BB9C-AE7C-4213-887D-FFD9CF78C1DF}"
	ProjectSection(SolutionItems) = preProject
		Kerry的Mac裝機必要.md = Kerry的Mac裝機必要.md
		Markdown Cheatsheet 中文版.md = Markdown Cheatsheet 中文版.md
		Markdown Cheatsheet 中文版.pdf = Markdown Cheatsheet 中文版.pdf
		README.md = README.md
	EndProjectSection
EndProject
Project("{2150E333-8FDC-42A3-9474-1A3956D46DE8}") = "ASP.NET Core 教育訓練文件", "ASP.NET Core 教育訓練文件", "{D65E8F1E-935D-45BE-9246-B54F2CF0A412}"
	ProjectSection(SolutionItems) = preProject
		ASP.NET Core 教育訓練文件\ASP.NET Core 6 目錄.md = ASP.NET Core 教育訓練文件\ASP.NET Core 6 目錄.md
		ASP.NET Core 教育訓練文件\ASP.NET Core Hangfire 排程管理.md = ASP.NET Core 教育訓練文件\ASP.NET Core Hangfire 排程管理.md
		ASP.NET Core 教育訓練文件\ASP.NET Core Quartz 介紹.md = ASP.NET Core 教育訓練文件\ASP.NET Core Quartz 介紹.md
		ASP.NET Core 教育訓練文件\ASP.NET Core Quartz.NET 管理介面.md = ASP.NET Core 教育訓練文件\ASP.NET Core Quartz.NET 管理介面.md
		ASP.NET Core 教育訓練文件\ASP.NET Core SFTP 使用第三方套建 SSH.Net .md = ASP.NET Core 教育訓練文件\ASP.NET Core SFTP 使用第三方套建 SSH.Net .md
		ASP.NET Core 教育訓練文件\ASP.NET Core SwaggerAPI說明文件.md = ASP.NET Core 教育訓練文件\ASP.NET Core SwaggerAPI說明文件.md
		ASP.NET Core 教育訓練文件\ASP.NET Core 中使用 HttpReports 進行接口統計，分析, 可視化， 監控，追踪等.md = ASP.NET Core 教育訓練文件\ASP.NET Core 中使用 HttpReports 進行接口統計，分析, 可視化， 監控，追踪等.md
		ASP.NET Core 教育訓練文件\ASP.NET Core 前台會員修改個人資料.md = ASP.NET Core 教育訓練文件\ASP.NET Core 前台會員修改個人資料.md
		ASP.NET Core 教育訓練文件\ASP.NET Core 前台會員忘記密碼與重設密碼.md = ASP.NET Core 教育訓練文件\ASP.NET Core 前台會員忘記密碼與重設密碼.md
		ASP.NET Core 教育訓練文件\ASP.NET Core 前台會員登入.md = ASP.NET Core 教育訓練文件\ASP.NET Core 前台會員登入.md
		ASP.NET Core 教育訓練文件\ASP.NET Core 前台會員註冊.md = ASP.NET Core 教育訓練文件\ASP.NET Core 前台會員註冊.md
		ASP.NET Core 教育訓練文件\ASP.NET Core 如何使用 NLog 將 log 寫到檔案.md = ASP.NET Core 教育訓練文件\ASP.NET Core 如何使用 NLog 將 log 寫到檔案.md
		ASP.NET Core 教育訓練文件\ASP.NET Core 如何套網頁設計樣版.md = ASP.NET Core 教育訓練文件\ASP.NET Core 如何套網頁設計樣版.md
		ASP.NET Core 教育訓練文件\ASP.NET Core 後台查詢頁面教學.md = ASP.NET Core 教育訓練文件\ASP.NET Core 後台查詢頁面教學.md
		ASP.NET Core 教育訓練文件\ASP.NET Core 網站生命週期.md = ASP.NET Core 教育訓練文件\ASP.NET Core 網站生命週期.md
		ASP.NET Core 教育訓練文件\Windows Forms App 程式安裝檔.md = ASP.NET Core 教育訓練文件\Windows Forms App 程式安裝檔.md
	EndProjectSection
EndProject
Project("{2150E333-8FDC-42A3-9474-1A3956D46DE8}") = "Images", "Images", "{2CDBE9CE-D782-4FAE-AB41-F10E87F645A2}"
	ProjectSection(SolutionItems) = preProject
		ASP.NET Core 教育訓練文件\Images\httpreports-01.png = ASP.NET Core 教育訓練文件\Images\httpreports-01.png
		ASP.NET Core 教育訓練文件\Images\httpreports-02.png = ASP.NET Core 教育訓練文件\Images\httpreports-02.png
		ASP.NET Core 教育訓練文件\Images\httpreports-03.png = ASP.NET Core 教育訓練文件\Images\httpreports-03.png
		ASP.NET Core 教育訓練文件\Images\httpreports-04.png = ASP.NET Core 教育訓練文件\Images\httpreports-04.png
		ASP.NET Core 教育訓練文件\Images\httpreports-05.png = ASP.NET Core 教育訓練文件\Images\httpreports-05.png
		ASP.NET Core 教育訓練文件\Images\httpreports-06.png = ASP.NET Core 教育訓練文件\Images\httpreports-06.png
		ASP.NET Core 教育訓練文件\Images\httpreports-07.png = ASP.NET Core 教育訓練文件\Images\httpreports-07.png
		ASP.NET Core 教育訓練文件\Images\httpreports-08.png = ASP.NET Core 教育訓練文件\Images\httpreports-08.png
		ASP.NET Core 教育訓練文件\Images\httpreports-09.png = ASP.NET Core 教育訓練文件\Images\httpreports-09.png
	EndProjectSection
EndProject
Project("{2150E333-8FDC-42A3-9474-1A3956D46DE8}") = "Azure", "Azure", "{A653EF9E-4EAD-4AD2-A4C4-0ED9629ED3AF}"
	ProjectSection(SolutionItems) = preProject
		Azure\Azure AD Authentication.md = Azure\Azure AD Authentication.md
		Azure\Azure Blob Storage.md = Azure\Azure Blob Storage.md
		Azure\Azure DevOps 持續整合(CI).md = Azure\Azure DevOps 持續整合(CI).md
	EndProjectSection
EndProject
Project("{2150E333-8FDC-42A3-9474-1A3956D46DE8}") = "DBeaver", "DBeaver", "{E1F95893-B2F4-4379-B8AE-8A1EE0CFDD08}"
	ProjectSection(SolutionItems) = preProject
		DBeaver\DBeaver 在 Mac 上使用英文介面.md = DBeaver\DBeaver 在 Mac 上使用英文介面.md
	EndProjectSection
EndProject
Project("{2150E333-8FDC-42A3-9474-1A3956D46DE8}") = "Docker", "Docker", "{CA6F5CC3-AB80-4D0C-B546-3BB7905CC00D}"
	ProjectSection(SolutionItems) = preProject
		Docker\第三章 安裝MSSQL.md = Docker\第三章 安裝MSSQL.md
		Docker\第六章 安裝RabbitMQ.md = Docker\第六章 安裝RabbitMQ.md
		Docker\第四章 安裝MySQL.md = Docker\第四章 安裝MySQL.md
	EndProjectSection
EndProject
Project("{2150E333-8FDC-42A3-9474-1A3956D46DE8}") = "Images", "Images", "{9579368C-479D-4AA0-A82B-4128879F4B7D}"
	ProjectSection(SolutionItems) = preProject
		Docker\Images\mssql-01.png = Docker\Images\mssql-01.png
		Docker\Images\mssql-02.png = Docker\Images\mssql-02.png
		Docker\Images\mssql-03.png = Docker\Images\mssql-03.png
		Docker\Images\mssql-04.png = Docker\Images\mssql-04.png
		Docker\Images\mssql-05.png = Docker\Images\mssql-05.png
		Docker\Images\mssql-06.png = Docker\Images\mssql-06.png
		Docker\Images\mssql-07.png = Docker\Images\mssql-07.png
	EndProjectSection
EndProject
Project("{2150E333-8FDC-42A3-9474-1A3956D46DE8}") = "SAP ABAP", "SAP ABAP", "{630A61B7-8325-455D-AE36-2E2CBB69C301}"
	ProjectSection(SolutionItems) = preProject
		SAP ABAP\ABAP開發環境和總體介紹.md = SAP ABAP\ABAP開發環境和總體介紹.md
		SAP ABAP\SAP MM模塊常用表總結.md = SAP ABAP\SAP MM模塊常用表總結.md
		SAP ABAP\SAP QM數據庫表清單.md = SAP ABAP\SAP QM數據庫表清單.md
		SAP ABAP\SAP欄位與表的對應關係.md = SAP ABAP\SAP欄位與表的對應關係.md
	EndProjectSection
EndProject
Project("{2150E333-8FDC-42A3-9474-1A3956D46DE8}") = "SQL Server", "SQL Server", "{A6B21A3F-ED01-441B-991F-7561A63A9AA4}"
	ProjectSection(SolutionItems) = preProject
		SQL Server\[MS SQL]如何透過Database Mail進行郵件發送.md = SQL Server\[MS SQL]如何透過Database Mail進行郵件發送.md
		SQL Server\[SQL SERVER]撰寫Stored Procedure小細節.md = SQL Server\[SQL SERVER]撰寫Stored Procedure小細節.md
	EndProjectSection
EndProject
Project("{2150E333-8FDC-42A3-9474-1A3956D46DE8}") = "Web API", "Web API", "{5382AE82-FDDA-48B8-907D-B7A427CC4F1F}"
	ProjectSection(SolutionItems) = preProject
		Web API\ECFIT API 範例.md = Web API\ECFIT API 範例.md
		Web API\微服務架構 - 從狀態圖來驅動 API 的設計.md = Web API\微服務架構 - 從狀態圖來驅動 API 的設計.md
	EndProjectSection
EndProject
Project("{2150E333-8FDC-42A3-9474-1A3956D46DE8}") = "Windows", "Windows", "{65DEC35B-B04E-4053-BCBC-01AD60591923}"
	ProjectSection(SolutionItems) = preProject
		Windows\ASP.NET Core 伺服器監控常用語法.md = Windows\ASP.NET Core 伺服器監控常用語法.md
		Windows\Configure IIS Web Server on Windows Server 2019.md = Windows\Configure IIS Web Server on Windows Server 2019.md
		Windows\SQL Server 2019 Standard 繁體中文標準版安裝.md = Windows\SQL Server 2019 Standard 繁體中文標準版安裝.md
		Windows\Windows Server 2019 如何安裝 IIS 運行 ASP.NET 專案.md = Windows\Windows Server 2019 如何安裝 IIS 運行 ASP.NET 專案.md
	EndProjectSection
EndProject
Global
	GlobalSection(SolutionProperties) = preSolution
		HideSolutionNode = FALSE
	EndGlobalSection
	GlobalSection(NestedProjects) = preSolution
		{2CDBE9CE-D782-4FAE-AB41-F10E87F645A2} = {D65E8F1E-935D-45BE-9246-B54F2CF0A412}
		{9579368C-479D-4AA0-A82B-4128879F4B7D} = {CA6F5CC3-AB80-4D0C-B546-3BB7905CC00D}
	EndGlobalSection
	GlobalSection(ExtensibilityGlobals) = postSolution
		SolutionGuid = {FB15EC63-01E9-4D16-A0BD-CD7348585B32}
	EndGlobalSection
EndGlobal
